
Microsoft Visual Studio Solution File, Format Version 11.00
# Visual Web Developer Express 2010
Project("{FAE04EC0-301F-11D3-BF4B-00C04F79EFBC}") = "Livraria", "Livraria\Livraria.csproj", "{1AC2108F-7A77-48DE-BDE9-0A9F38A6D6CC}"
EndProject
Global
	GlobalSection(SolutionConfigurationPlatforms) = preSolution
		Debug|Any CPU = Debug|Any CPU
		Release|Any CPU = Release|Any CPU
	EndGlobalSection
	GlobalSection(ProjectConfigurationPlatforms) = postSolution
		{1AC2108F-7A77-48DE-BDE9-0A9F38A6D6CC}.Debug|Any CPU.ActiveCfg = Debug|Any CPU
		{1AC2108F-7A77-48DE-BDE9-0A9F38A6D6CC}.Debug|Any CPU.Build.0 = Debug|Any CPU
		{1AC2108F-7A77-48DE-BDE9-0A9F38A6D6CC}.Release|Any CPU.ActiveCfg = Release|Any CPU
		{1AC2108F-7A77-48DE-BDE9-0A9F38A6D6CC}.Release|Any CPU.Build.0 = Release|Any CPU
	EndGlobalSection
	GlobalSection(SolutionProperties) = preSolution
		HideSolutionNode = FALSE
	EndGlobalSection
EndGlobal
